
Microsoft Visual Studio Solution File, Format Version 12.00
Project("{FAE04EC0-301F-11D3-BF4B-00C04F79EFBC}") = "LCM", "LCM\LCM.csproj", "{7755B4F7-1F52-4ED8-838A-EF9CB8B06999}"
EndProject
Project("{FAE04EC0-301F-11D3-BF4B-00C04F79EFBC}") = "LCM.Test", "LCM.Test\LCM.Test.csproj", "{49D5F72E-2DDC-4B79-A780-1294E5B2649E}"
EndProject
Global
	GlobalSection(SolutionConfigurationPlatforms) = preSolution
		Debug|Any CPU = Debug|Any CPU
		Release|Any CPU = Release|Any CPU
	EndGlobalSection
	GlobalSection(ProjectConfigurationPlatforms) = postSolution
		{7755B4F7-1F52-4ED8-838A-EF9CB8B06999}.Debug|Any CPU.ActiveCfg = Debug|Any CPU
		{7755B4F7-1F52-4ED8-838A-EF9CB8B06999}.Debug|Any CPU.Build.0 = Debug|Any CPU
		{7755B4F7-1F52-4ED8-838A-EF9CB8B06999}.Release|Any CPU.ActiveCfg = Release|Any CPU
		{7755B4F7-1F52-4ED8-838A-EF9CB8B06999}.Release|Any CPU.Build.0 = Release|Any CPU
		{49D5F72E-2DDC-4B79-A780-1294E5B2649E}.Debug|Any CPU.ActiveCfg = Debug|Any CPU
		{49D5F72E-2DDC-4B79-A780-1294E5B2649E}.Debug|Any CPU.Build.0 = Debug|Any CPU
		{49D5F72E-2DDC-4B79-A780-1294E5B2649E}.Release|Any CPU.ActiveCfg = Release|Any CPU
		{49D5F72E-2DDC-4B79-A780-1294E5B2649E}.Release|Any CPU.Build.0 = Release|Any CPU
	EndGlobalSection
EndGlobal
